version = 1
revision = 3
requires-python = ">=3.10"

[[package]]
name = "openfeature-sdk"
version = "0.8.3"
source = { registry = "https://pypi.org/simple" }
sdist = { url = "https://files.pythonhosted.org/packages/24/19/f1319f665e4a5163cbda29aa0a56ca4c0899dbcf3ad6d929670157498ee0/openfeature_sdk-0.8.3.tar.gz", hash = "sha256:37c379e3e5da39567f07b9410fca9153882cf0a95da81e03ccf7559fca054fd2", size = 33299, upload-time = "2025-09-21T09:08:55.503Z" }
wheels = [
    { url = "https://files.pythonhosted.org/packages/f0/f5/707a5b144115de1a49bf5761a63af2545fef0a1824f72db39ddea0a3438f/openfeature_sdk-0.8.3-py3-none-any.whl", hash = "sha256:28e817514c5398e2243d0a158f3306624383757ba833032336ceba2b3cbcddd6", size = 35561, upload-time = "2025-09-21T09:08:54.072Z" },
]

[[package]]
name = "statsig-openfeature-provider-python"
version = "0.1.0"
source = { editable = "." }
dependencies = [
    { name = "openfeature-sdk" },
]

[package.metadata]
requires-dist = [{ name = "openfeature-sdk", specifier = ">=0.8.3" }]
